
Microsoft Visual Studio Solution File, Format Version 12.00
# Visual Studio Version 18
VisualStudioVersion = 18.5.11716.220 stable
MinimumVisualStudioVersion = 10.0.40219.1
Project("{FAE04EC0-301F-11D3-BF4B-00C04F79EFBC}") = "GameLauncherWPF", "GameLauncherWPF.csproj", "{F6E95471-5B73-2987-7002-BB1B7678F899}"
EndProject
Global
	GlobalSection(SolutionConfigurationPlatforms) = preSolution
		Debug|Any CPU = Debug|Any CPU
		Release|Any CPU = Release|Any CPU
	EndGlobalSection
	GlobalSection(ProjectConfigurationPlatforms) = postSolution
		{F6E95471-5B73-2987-7002-BB1B7678F899}.Debug|Any CPU.ActiveCfg = Debug|Any CPU
		{F6E95471-5B73-2987-7002-BB1B7678F899}.Debug|Any CPU.Build.0 = Debug|Any CPU
		{F6E95471-5B73-2987-7002-BB1B7678F899}.Release|Any CPU.ActiveCfg = Release|Any CPU
		{F6E95471-5B73-2987-7002-BB1B7678F899}.Release|Any CPU.Build.0 = Release|Any CPU
	EndGlobalSection
	GlobalSection(SolutionProperties) = preSolution
		HideSolutionNode = FALSE
	EndGlobalSection
	GlobalSection(ExtensibilityGlobals) = postSolution
		SolutionGuid = {B717682F-E41B-4B0C-9E4F-35E3750A7752}
	EndGlobalSection
EndGlobal
